
Microsoft Visual Studio Solution File, Format Version 12.00
# Visual Studio Version 17
VisualStudioVersion = 17.7.34031.279
MinimumVisualStudioVersion = 10.0.40219.1
Project("{FAE04EC0-301F-11D3-BF4B-00C04F79EFBC}") = "Calculator-OPI", "Calculator-OPI.csproj", "{1598A6E7-F770-4E48-999C-67C5AC4CC562}"
EndProject
Global
	GlobalSection(SolutionConfigurationPlatforms) = preSolution
		Debug|Any CPU = Debug|Any CPU
		Release|Any CPU = Release|Any CPU
	EndGlobalSection
	GlobalSection(ProjectConfigurationPlatforms) = postSolution
		{1598A6E7-F770-4E48-999C-67C5AC4CC562}.Debug|Any CPU.ActiveCfg = Debug|Any CPU
		{1598A6E7-F770-4E48-999C-67C5AC4CC562}.Debug|Any CPU.Build.0 = Debug|Any CPU
		{1598A6E7-F770-4E48-999C-67C5AC4CC562}.Release|Any CPU.ActiveCfg = Release|Any CPU
		{1598A6E7-F770-4E48-999C-67C5AC4CC562}.Release|Any CPU.Build.0 = Release|Any CPU
	EndGlobalSection
	GlobalSection(SolutionProperties) = preSolution
		HideSolutionNode = FALSE
	EndGlobalSection
	GlobalSection(ExtensibilityGlobals) = postSolution
		SolutionGuid = {E1644B8A-0097-48B6-9A27-B6565B87E9F4}
	EndGlobalSection
EndGlobal
